// !$*UTF8*$!
{
	archiveVersion = 1;
	classes = {
	};
	objectVersion = 52;
	objects = {

/* Begin PBXBuildFile section */
		BAB693DD24B6BEE3006FC750 /* App_ConnectApp.swift in Sources */ = {isa = PBXBuildFile; fileRef = BAB693DC24B6BEE3006FC750 /* App_ConnectApp.swift */; };
		BAB693DF24B6BEE3006FC750 /* ContentView.swift in Sources */ = {isa = PBXBuildFile; fileRef = BAB693DE24B6BEE3006FC750 /* ContentView.swift */; };
		BAB693E124B6BEE3006FC750 /* Assets.xcassets in Resources */ = {isa = PBXBuildFile; fileRef = BAB693E024B6BEE3006FC750 /* Assets.xcassets */; };
		BAB693E424B6BEE3006FC750 /* Preview Assets.xcassets in Resources */ = {isa = PBXBuildFile; fileRef = BAB693E324B6BEE3006FC750 /* Preview Assets.xcassets */; };
		BAB693EE24B6C714006FC750 /* AppListView.swift in Sources */ = {isa = PBXBuildFile; fileRef = BAB693ED24B6C714006FC750 /* AppListView.swift */; };
		BAB693F324B6CAEF006FC750 /* DeveloperApp.swift in Sources */ = {isa = PBXBuildFile; fileRef = BAB693F224B6CAEF006FC750 /* DeveloperApp.swift */; };
		BAB693F624B6CEFE006FC750 /* Alamofire in Frameworks */ = {isa = PBXBuildFile; productRef = BAB693F524B6CEFE006FC750 /* Alamofire */; };
		BAB693F924B6D3B1006FC750 /* SwiftJWT in Frameworks */ = {isa = PBXBuildFile; productRef = BAB693F824B6D3B1006FC750 /* SwiftJWT */; };
		BAB693FB24B6D414006FC750 /* AppConnectAuthorization.swift in Sources */ = {isa = PBXBuildFile; fileRef = BAB693FA24B6D413006FC750 /* AppConnectAuthorization.swift */; };
		BAB693FD24B6D445006FC750 /* AppConnectAPI.swift in Sources */ = {isa = PBXBuildFile; fileRef = BAB693FC24B6D445006FC750 /* AppConnectAPI.swift */; };
/* End PBXBuildFile section */

/* Begin PBXFileReference section */
		BAB693D924B6BEE3006FC750 /* App Connect.app */ = {isa = PBXFileReference; explicitFileType = wrapper.application; includeInIndex = 0; path = "App Connect.app"; sourceTree = BUILT_PRODUCTS_DIR; };
		BAB693DC24B6BEE3006FC750 /* App_ConnectApp.swift */ = {isa = PBXFileReference; lastKnownFileType = sourcecode.swift; path = App_ConnectApp.swift; sourceTree = "<group>"; };
		BAB693DE24B6BEE3006FC750 /* ContentView.swift */ = {isa = PBXFileReference; lastKnownFileType = sourcecode.swift; path = ContentView.swift; sourceTree = "<group>"; };
		BAB693E024B6BEE3006FC750 /* Assets.xcassets */ = {isa = PBXFileReference; lastKnownFileType = folder.assetcatalog; path = Assets.xcassets; sourceTree = "<group>"; };
		BAB693E324B6BEE3006FC750 /* Preview Assets.xcassets */ = {isa = PBXFileReference; lastKnownFileType = folder.assetcatalog; path = "Preview Assets.xcassets"; sourceTree = "<group>"; };
		BAB693E524B6BEE3006FC750 /* Info.plist */ = {isa = PBXFileReference; lastKnownFileType = text.plist.xml; path = Info.plist; sourceTree = "<group>"; };
		BAB693E624B6BEE3006FC750 /* App_Connect.entitlements */ = {isa = PBXFileReference; lastKnownFileType = text.plist.entitlements; path = App_Connect.entitlements; sourceTree = "<group>"; };
		BAB693ED24B6C714006FC750 /* AppListView.swift */ = {isa = PBXFileReference; lastKnownFileType = sourcecode.swift; path = AppListView.swift; sourceTree = "<group>"; };
		BAB693F224B6CAEF006FC750 /* DeveloperApp.swift */ = {isa = PBXFileReference; lastKnownFileType = sourcecode.swift; path = DeveloperApp.swift; sourceTree = "<group>"; };
		BAB693FA24B6D413006FC750 /* AppConnectAuthorization.swift */ = {isa = PBXFileReference; lastKnownFileType = sourcecode.swift; path = AppConnectAuthorization.swift; sourceTree = "<group>"; };
		BAB693FC24B6D445006FC750 /* AppConnectAPI.swift */ = {isa = PBXFileReference; lastKnownFileType = sourcecode.swift; path = AppConnectAPI.swift; sourceTree = "<group>"; };
/* End PBXFileReference section */

/* Begin PBXFrameworksBuildPhase section */
		BAB693D624B6BEE3006FC750 /* Frameworks */ = {
			isa = PBXFrameworksBuildPhase;
			buildActionMask = 2147483647;
			files = (
				BAB693F924B6D3B1006FC750 /* SwiftJWT in Frameworks */,
				BAB693F624B6CEFE006FC750 /* Alamofire in Frameworks */,
			);
			runOnlyForDeploymentPostprocessing = 0;
		};
/* End PBXFrameworksBuildPhase section */

/* Begin PBXGroup section */
		BAB693D024B6BEE2006FC750 = {
			isa = PBXGroup;
			children = (
				BAB693DB24B6BEE3006FC750 /* App Connect */,
				BAB693DA24B6BEE3006FC750 /* Products */,
			);
			sourceTree = "<group>";
		};
		BAB693DA24B6BEE3006FC750 /* Products */ = {
			isa = PBXGroup;
			children = (
				BAB693D924B6BEE3006FC750 /* App Connect.app */,
			);
			name = Products;
			sourceTree = "<group>";
		};
		BAB693DB24B6BEE3006FC750 /* App Connect */ = {
			isa = PBXGroup;
			children = (
				BAB693EF24B6CAC0006FC750 /* Model */,
				BAB693EC24B6C0B4006FC750 /* Components */,
				BAB693DC24B6BEE3006FC750 /* App_ConnectApp.swift */,
				BAB693DE24B6BEE3006FC750 /* ContentView.swift */,
				BAB693E024B6BEE3006FC750 /* Assets.xcassets */,
				BAB693E524B6BEE3006FC750 /* Info.plist */,
				BAB693E624B6BEE3006FC750 /* App_Connect.entitlements */,
				BAB693E224B6BEE3006FC750 /* Preview Content */,
			);
			path = "App Connect";
			sourceTree = "<group>";
		};
		BAB693E224B6BEE3006FC750 /* Preview Content */ = {
			isa = PBXGroup;
			children = (
				BAB693E324B6BEE3006FC750 /* Preview Assets.xcassets */,
			);
			path = "Preview Content";
			sourceTree = "<group>";
		};
		BAB693EC24B6C0B4006FC750 /* Components */ = {
			isa = PBXGroup;
			children = (
				BAB693ED24B6C714006FC750 /* AppListView.swift */,
			);
			path = Components;
			sourceTree = "<group>";
		};
		BAB693EF24B6CAC0006FC750 /* Model */ = {
			isa = PBXGroup;
			children = (
				BAB693F224B6CAEF006FC750 /* DeveloperApp.swift */,
				BAB693FA24B6D413006FC750 /* AppConnectAuthorization.swift */,
				BAB693FC24B6D445006FC750 /* AppConnectAPI.swift */,
			);
			path = Model;
			sourceTree = "<group>";
		};
/* End PBXGroup section */

/* Begin PBXNativeTarget section */
		BAB693D824B6BEE3006FC750 /* App Connect */ = {
			isa = PBXNativeTarget;
			buildConfigurationList = BAB693E924B6BEE3006FC750 /* Build configuration list for PBXNativeTarget "App Connect" */;
			buildPhases = (
				BAB693D524B6BEE3006FC750 /* Sources */,
				BAB693D624B6BEE3006FC750 /* Frameworks */,
				BAB693D724B6BEE3006FC750 /* Resources */,
			);
			buildRules = (
			);
			dependencies = (
			);
			name = "App Connect";
			packageProductDependencies = (
				BAB693F524B6CEFE006FC750 /* Alamofire */,
				BAB693F824B6D3B1006FC750 /* SwiftJWT */,
			);
			productName = "App Connect";
			productReference = BAB693D924B6BEE3006FC750 /* App Connect.app */;
			productType = "com.apple.product-type.application";
		};
/* End PBXNativeTarget section */

/* Begin PBXProject section */
		BAB693D124B6BEE2006FC750 /* Project object */ = {
			isa = PBXProject;
			attributes = {
				LastSwiftUpdateCheck = 1200;
				LastUpgradeCheck = 1200;
				TargetAttributes = {
					BAB693D824B6BEE3006FC750 = {
						CreatedOnToolsVersion = 12.0;
					};
				};
			};
			buildConfigurationList = BAB693D424B6BEE2006FC750 /* Build configuration list for PBXProject "App Connect" */;
			compatibilityVersion = "Xcode 9.3";
			developmentRegion = en;
			hasScannedForEncodings = 0;
			knownRegions = (
				en,
				Base,
			);
			mainGroup = BAB693D024B6BEE2006FC750;
			packageReferences = (
				BAB693F424B6CEFE006FC750 /* XCRemoteSwiftPackageReference "Alamofire" */,
				BAB693F724B6D3B1006FC750 /* XCRemoteSwiftPackageReference "Swift-JWT" */,
			);
			productRefGroup = BAB693DA24B6BEE3006FC750 /* Products */;
			projectDirPath = "";
			projectRoot = "";
			targets = (
				BAB693D824B6BEE3006FC750 /* App Connect */,
			);
		};
/* End PBXProject section */

/* Begin PBXResourcesBuildPhase section */
		BAB693D724B6BEE3006FC750 /* Resources */ = {
			isa = PBXResourcesBuildPhase;
			buildActionMask = 2147483647;
			files = (
				BAB693E424B6BEE3006FC750 /* Preview Assets.xcassets in Resources */,
				BAB693E124B6BEE3006FC750 /* Assets.xcassets in Resources */,
			);
			runOnlyForDeploymentPostprocessing = 0;
		};
/* End PBXResourcesBuildPhase section */

/* Begin PBXSourcesBuildPhase section */
		BAB693D524B6BEE3006FC750 /* Sources */ = {
			isa = PBXSourcesBuildPhase;
			buildActionMask = 2147483647;
			files = (
				BAB693F324B6CAEF006FC750 /* DeveloperApp.swift in Sources */,
				BAB693FB24B6D414006FC750 /* AppConnectAuthorization.swift in Sources */,
				BAB693DF24B6BEE3006FC750 /* ContentView.swift in Sources */,
				BAB693DD24B6BEE3006FC750 /* App_ConnectApp.swift in Sources */,
				BAB693EE24B6C714006FC750 /* AppListView.swift in Sources */,
				BAB693FD24B6D445006FC750 /* AppConnectAPI.swift in Sources */,
			);
			runOnlyForDeploymentPostprocessing = 0;
		};
/* End PBXSourcesBuildPhase section */

/* Begin XCBuildConfiguration section */
		BAB693E724B6BEE3006FC750 /* Debug */ = {
			isa = XCBuildConfiguration;
			buildSettings = {
				ALWAYS_SEARCH_USER_PATHS = NO;
				CLANG_ANALYZER_NONNULL = YES;
				CLANG_ANALYZER_NUMBER_OBJECT_CONVERSION = YES_AGGRESSIVE;
				CLANG_CXX_LANGUAGE_STANDARD = "gnu++14";
				CLANG_CXX_LIBRARY = "libc++";
				CLANG_ENABLE_MODULES = YES;
				CLANG_ENABLE_OBJC_ARC = YES;
				CLANG_ENABLE_OBJC_WEAK = YES;
				CLANG_WARN_BLOCK_CAPTURE_AUTORELEASING = YES;
				CLANG_WARN_BOOL_CONVERSION = YES;
				CLANG_WARN_COMMA = YES;
				CLANG_WARN_CONSTANT_CONVERSION = YES;
				CLANG_WARN_DEPRECATED_OBJC_IMPLEMENTATIONS = YES;
				CLANG_WARN_DIRECT_OBJC_ISA_USAGE = YES_ERROR;
				CLANG_WARN_DOCUMENTATION_COMMENTS = YES;
				CLANG_WARN_EMPTY_BODY = YES;
				CLANG_WARN_ENUM_CONVERSION = YES;
				CLANG_WARN_INFINITE_RECURSION = YES;
				CLANG_WARN_INT_CONVERSION = YES;
				CLANG_WARN_NON_LITERAL_NULL_CONVERSION = YES;
				CLANG_WARN_OBJC_IMPLICIT_RETAIN_SELF = YES;
				CLANG_WARN_OBJC_LITERAL_CONVERSION = YES;
				CLANG_WARN_OBJC_ROOT_CLASS = YES_ERROR;
				CLANG_WARN_QUOTED_INCLUDE_IN_FRAMEWORK_HEADER = YES;
				CLANG_WARN_RANGE_LOOP_ANALYSIS = YES;
				CLANG_WARN_STRICT_PROTOTYPES = YES;
				CLANG_WARN_SUSPICIOUS_MOVE = YES;
				CLANG_WARN_UNGUARDED_AVAILABILITY = YES_AGGRESSIVE;
				CLANG_WARN_UNREACHABLE_CODE = YES;
				CLANG_WARN__DUPLICATE_METHOD_MATCH = YES;
				COPY_PHASE_STRIP = NO;
				DEBUG_INFORMATION_FORMAT = dwarf;
				ENABLE_STRICT_OBJC_MSGSEND = YES;
				ENABLE_TESTABILITY = YES;
				GCC_C_LANGUAGE_STANDARD = gnu11;
				GCC_DYNAMIC_NO_PIC = NO;
				GCC_NO_COMMON_BLOCKS = YES;
				GCC_OPTIMIZATION_LEVEL = 0;
				GCC_PREPROCESSOR_DEFINITIONS = (
					"DEBUG=1",
					"$(inherited)",
				);
				GCC_WARN_64_TO_32_BIT_CONVERSION = YES;
				GCC_WARN_ABOUT_RETURN_TYPE = YES_ERROR;
				GCC_WARN_UNDECLARED_SELECTOR = YES;
				GCC_WARN_UNINITIALIZED_AUTOS = YES_AGGRESSIVE;
				GCC_WARN_UNUSED_FUNCTION = YES;
				GCC_WARN_UNUSED_VARIABLE = YES;
				MACOSX_DEPLOYMENT_TARGET = 10.16;
				MTL_ENABLE_DEBUG_INFO = INCLUDE_SOURCE;
				MTL_FAST_MATH = YES;
				ONLY_ACTIVE_ARCH = YES;
				SDKROOT = macosx;
				SWIFT_ACTIVE_COMPILATION_CONDITIONS = DEBUG;
				SWIFT_OPTIMIZATION_LEVEL = "-Onone";
			};
			name = Debug;
		};
		BAB693E824B6BEE3006FC750 /* Release */ = {
			isa = XCBuildConfiguration;
			buildSettings = {
				ALWAYS_SEARCH_USER_PATHS = NO;
				CLANG_ANALYZER_NONNULL = YES;
				CLANG_ANALYZER_NUMBER_OBJECT_CONVERSION = YES_AGGRESSIVE;
				CLANG_CXX_LANGUAGE_STANDARD = "gnu++14";
				CLANG_CXX_LIBRARY = "libc++";
				CLANG_ENABLE_MODULES = YES;
				CLANG_ENABLE_OBJC_ARC = YES;
				CLANG_ENABLE_OBJC_WEAK = YES;
				CLANG_WARN_BLOCK_CAPTURE_AUTORELEASING = YES;
				CLANG_WARN_BOOL_CONVERSION = YES;
				CLANG_WARN_COMMA = YES;
				CLANG_WARN_CONSTANT_CONVERSION = YES;
				CLANG_WARN_DEPRECATED_OBJC_IMPLEMENTATIONS = YES;
				CLANG_WARN_DIRECT_OBJC_ISA_USAGE = YES_ERROR;
				CLANG_WARN_DOCUMENTATION_COMMENTS = YES;
				CLANG_WARN_EMPTY_BODY = YES;
				CLANG_WARN_ENUM_CONVERSION = YES;
				CLANG_WARN_INFINITE_RECURSION = YES;
				CLANG_WARN_INT_CONVERSION = YES;
				CLANG_WARN_NON_LITERAL_NULL_CONVERSION = YES;
				CLANG_WARN_OBJC_IMPLICIT_RETAIN_SELF = YES;
				CLANG_WARN_OBJC_LITERAL_CONVERSION = YES;
				CLANG_WARN_OBJC_ROOT_CLASS = YES_ERROR;
				CLANG_WARN_QUOTED_INCLUDE_IN_FRAMEWORK_HEADER = YES;
				CLANG_WARN_RANGE_LOOP_ANALYSIS = YES;
				CLANG_WARN_STRICT_PROTOTYPES = YES;
				CLANG_WARN_SUSPICIOUS_MOVE = YES;
				CLANG_WARN_UNGUARDED_AVAILABILITY = YES_AGGRESSIVE;
				CLANG_WARN_UNREACHABLE_CODE = YES;
				CLANG_WARN__DUPLICATE_METHOD_MATCH = YES;
				COPY_PHASE_STRIP = NO;
				DEBUG_INFORMATION_FORMAT = "dwarf-with-dsym";
				ENABLE_NS_ASSERTIONS = NO;
				ENABLE_STRICT_OBJC_MSGSEND = YES;
				GCC_C_LANGUAGE_STANDARD = gnu11;
				GCC_NO_COMMON_BLOCKS = YES;
				GCC_WARN_64_TO_32_BIT_CONVERSION = YES;
				GCC_WARN_ABOUT_RETURN_TYPE = YES_ERROR;
				GCC_WARN_UNDECLARED_SELECTOR = YES;
				GCC_WARN_UNINITIALIZED_AUTOS = YES_AGGRESSIVE;
				GCC_WARN_UNUSED_FUNCTION = YES;
				GCC_WARN_UNUSED_VARIABLE = YES;
				MACOSX_DEPLOYMENT_TARGET = 10.16;
				MTL_ENABLE_DEBUG_INFO = NO;
				MTL_FAST_MATH = YES;
				SDKROOT = macosx;
				SWIFT_COMPILATION_MODE = wholemodule;
				SWIFT_OPTIMIZATION_LEVEL = "-O";
			};
			name = Release;
		};
		BAB693EA24B6BEE3006FC750 /* Debug */ = {
			isa = XCBuildConfiguration;
			buildSettings = {
				ASSETCATALOG_COMPILER_APPICON_NAME = AppIcon;
				ASSETCATALOG_COMPILER_GLOBAL_ACCENT_COLOR_NAME = AccentColor;
				CODE_SIGN_ENTITLEMENTS = "App Connect/App_Connect.entitlements";
				CODE_SIGN_STYLE = Automatic;
				COMBINE_HIDPI_IMAGES = YES;
				DEVELOPMENT_ASSET_PATHS = "\"App Connect/Preview Content\"";
				DEVELOPMENT_TEAM = M52W2L8ZQV;
				ENABLE_HARDENED_RUNTIME = YES;
				ENABLE_PREVIEWS = YES;
				INFOPLIST_FILE = "App Connect/Info.plist";
				LD_RUNPATH_SEARCH_PATHS = (
					"$(inherited)",
					"@executable_path/../Frameworks",
				);
				MACOSX_DEPLOYMENT_TARGET = 10.16;
				PRODUCT_BUNDLE_IDENTIFIER = "com.corasan.App-Connect";
				PRODUCT_NAME = "$(TARGET_NAME)";
				SWIFT_VERSION = 5.0;
			};
			name = Debug;
		};
		BAB693EB24B6BEE3006FC750 /* Release */ = {
			isa = XCBuildConfiguration;
			buildSettings = {
				ASSETCATALOG_COMPILER_APPICON_NAME = AppIcon;
				ASSETCATALOG_COMPILER_GLOBAL_ACCENT_COLOR_NAME = AccentColor;
				CODE_SIGN_ENTITLEMENTS = "App Connect/App_Connect.entitlements";
				CODE_SIGN_STYLE = Automatic;
				COMBINE_HIDPI_IMAGES = YES;
				DEVELOPMENT_ASSET_PATHS = "\"App Connect/Preview Content\"";
				DEVELOPMENT_TEAM = M52W2L8ZQV;
				ENABLE_HARDENED_RUNTIME = YES;
				ENABLE_PREVIEWS = YES;
				INFOPLIST_FILE = "App Connect/Info.plist";
				LD_RUNPATH_SEARCH_PATHS = (
					"$(inherited)",
					"@executable_path/../Frameworks",
				);
				MACOSX_DEPLOYMENT_TARGET = 10.16;
				PRODUCT_BUNDLE_IDENTIFIER = "com.corasan.App-Connect";
				PRODUCT_NAME = "$(TARGET_NAME)";
				SWIFT_VERSION = 5.0;
			};
			name = Release;
		};
/* End XCBuildConfiguration section */

/* Begin XCConfigurationList section */
		BAB693D424B6BEE2006FC750 /* Build configuration list for PBXProject "App Connect" */ = {
			isa = XCConfigurationList;
			buildConfigurations = (
				BAB693E724B6BEE3006FC750 /* Debug */,
				BAB693E824B6BEE3006FC750 /* Release */,
			);
			defaultConfigurationIsVisible = 0;
			defaultConfigurationName = Release;
		};
		BAB693E924B6BEE3006FC750 /* Build configuration list for PBXNativeTarget "App Connect" */ = {
			isa = XCConfigurationList;
			buildConfigurations = (
				BAB693EA24B6BEE3006FC750 /* Debug */,
				BAB693EB24B6BEE3006FC750 /* Release */,
			);
			defaultConfigurationIsVisible = 0;
			defaultConfigurationName = Release;
		};
/* End XCConfigurationList section */

/* Begin XCRemoteSwiftPackageReference section */
		BAB693F424B6CEFE006FC750 /* XCRemoteSwiftPackageReference "Alamofire" */ = {
			isa = XCRemoteSwiftPackageReference;
			repositoryURL = "https://github.com/Alamofire/Alamofire.git";
			requirement = {
				kind = upToNextMajorVersion;
				minimumVersion = 5.2.1;
			};
		};
		BAB693F724B6D3B1006FC750 /* XCRemoteSwiftPackageReference "Swift-JWT" */ = {
			isa = XCRemoteSwiftPackageReference;
			repositoryURL = "https://github.com/IBM-Swift/Swift-JWT.git";
			requirement = {
				kind = upToNextMajorVersion;
				minimumVersion = 3.6.1;
			};
		};
/* End XCRemoteSwiftPackageReference section */

/* Begin XCSwiftPackageProductDependency section */
		BAB693F524B6CEFE006FC750 /* Alamofire */ = {
			isa = XCSwiftPackageProductDependency;
			package = BAB693F424B6CEFE006FC750 /* XCRemoteSwiftPackageReference "Alamofire" */;
			productName = Alamofire;
		};
		BAB693F824B6D3B1006FC750 /* SwiftJWT */ = {
			isa = XCSwiftPackageProductDependency;
			package = BAB693F724B6D3B1006FC750 /* XCRemoteSwiftPackageReference "Swift-JWT" */;
			productName = SwiftJWT;
		};
/* End XCSwiftPackageProductDependency section */
	};
	rootObject = BAB693D124B6BEE2006FC750 /* Project object */;
}
